
Microsoft Visual Studio Solution File, Format Version 12.00
# Visual Studio Version 16
VisualStudioVersion = 16.0.30907.101
MinimumVisualStudioVersion = 10.0.40219.1
Project("{9A19103F-16F7-4668-BE54-9A1E7A4F7556}") = "Remote.Broadlink", "Remote.Broadlink\Remote.Broadlink.csproj", "{0CCF99B8-E4EA-427A-9F28-F8D0768840F5}"
EndProject
Project("{9A19103F-16F7-4668-BE54-9A1E7A4F7556}") = "Remote.HodgePodge", "Remote.HodgePodge\Remote.HodgePodge.csproj", "{96D1E6F8-72F4-4139-9236-90D7689380A9}"
EndProject
Project("{FAE04EC0-301F-11D3-BF4B-00C04F79EFBC}") = "Remote.Neeo", "Remote.Neeo\Remote.Neeo.csproj", "{99805BEB-BE4A-46CF-AF5A-3AD16060A2BC}"
EndProject
Project("{2150E333-8FDC-42A3-9474-1A3956D46DE8}") = "Solution Items", "Solution Items", "{EFEC82F5-21B4-4261-B13C-5D4972752CC6}"
	ProjectSection(SolutionItems) = preProject
		README.md = README.md
	EndProjectSection
EndProject
Global
	GlobalSection(SolutionConfigurationPlatforms) = preSolution
		Debug|Any CPU = Debug|Any CPU
		Release|Any CPU = Release|Any CPU
	EndGlobalSection
	GlobalSection(ProjectConfigurationPlatforms) = postSolution
		{0CCF99B8-E4EA-427A-9F28-F8D0768840F5}.Debug|Any CPU.ActiveCfg = Debug|Any CPU
		{0CCF99B8-E4EA-427A-9F28-F8D0768840F5}.Debug|Any CPU.Build.0 = Debug|Any CPU
		{0CCF99B8-E4EA-427A-9F28-F8D0768840F5}.Release|Any CPU.ActiveCfg = Release|Any CPU
		{0CCF99B8-E4EA-427A-9F28-F8D0768840F5}.Release|Any CPU.Build.0 = Release|Any CPU
		{96D1E6F8-72F4-4139-9236-90D7689380A9}.Debug|Any CPU.ActiveCfg = Debug|Any CPU
		{96D1E6F8-72F4-4139-9236-90D7689380A9}.Debug|Any CPU.Build.0 = Debug|Any CPU
		{96D1E6F8-72F4-4139-9236-90D7689380A9}.Release|Any CPU.ActiveCfg = Release|Any CPU
		{96D1E6F8-72F4-4139-9236-90D7689380A9}.Release|Any CPU.Build.0 = Release|Any CPU
		{99805BEB-BE4A-46CF-AF5A-3AD16060A2BC}.Debug|Any CPU.ActiveCfg = Debug|Any CPU
		{99805BEB-BE4A-46CF-AF5A-3AD16060A2BC}.Debug|Any CPU.Build.0 = Debug|Any CPU
		{99805BEB-BE4A-46CF-AF5A-3AD16060A2BC}.Release|Any CPU.ActiveCfg = Release|Any CPU
		{99805BEB-BE4A-46CF-AF5A-3AD16060A2BC}.Release|Any CPU.Build.0 = Release|Any CPU
	EndGlobalSection
	GlobalSection(SolutionProperties) = preSolution
		HideSolutionNode = FALSE
	EndGlobalSection
	GlobalSection(ExtensibilityGlobals) = postSolution
		SolutionGuid = {01A57CDF-5F63-440F-9388-1CCED77653D0}
	EndGlobalSection
EndGlobal
