
Microsoft Visual Studio Solution File, Format Version 12.00
# Visual Studio Version 17
VisualStudioVersion = 17.1.32104.313
MinimumVisualStudioVersion = 10.0.40219.1
Project("{2150E333-8FDC-42A3-9474-1A3956D46DE8}") = "Solution Items", "Solution Items", "{EFEC82F5-21B4-4261-B13C-5D4972752CC6}"
	ProjectSection(SolutionItems) = preProject
		README.md = README.md
	EndProjectSection
EndProject
Project("{9A19103F-16F7-4668-BE54-9A1E7A4F7556}") = "Neeo.Sdk", "Neeo.Sdk\Neeo.Sdk.csproj", "{E7AE10FA-82A6-4639-902C-BA165B783BE9}"
EndProject
Project("{9A19103F-16F7-4668-BE54-9A1E7A4F7556}") = "Broadlink.RM", "Broadlink.RM\Broadlink.RM.csproj", "{4EB6E5A8-9ACF-4190-B127-08EDB399ADA2}"
EndProject
Project("{9A19103F-16F7-4668-BE54-9A1E7A4F7556}") = "Neeo.Sdk.Examples", "Neeo.Sdk.Examples\Neeo.Sdk.Examples.csproj", "{D69AE840-4383-4929-9382-DEFB3FE657A0}"
EndProject
Project("{9A19103F-16F7-4668-BE54-9A1E7A4F7556}") = "Neeo.Drivers.Hisense", "Neeo.Drivers.Hisense\Neeo.Drivers.Hisense.csproj", "{5905563E-C361-4C60-AB48-4C4673D1DF71}"
EndProject
Project("{9A19103F-16F7-4668-BE54-9A1E7A4F7556}") = "Neeo.Sdk.Discovery", "Neeo.Sdk.Discovery\Neeo.Sdk.Discovery.csproj", "{68F106A7-FC62-4E24-A91A-5F36AB36433D}"
EndProject
Project("{FAE04EC0-301F-11D3-BF4B-00C04F79EFBC}") = "Neeo.Drivers.Kodi", "Neeo.Drivers.Kodi\Neeo.Drivers.Kodi.csproj", "{C4091BE8-824E-4917-B7F9-47DD8D9A5198}"
EndProject
Global
	GlobalSection(SolutionConfigurationPlatforms) = preSolution
		Debug|Any CPU = Debug|Any CPU
		Release|Any CPU = Release|Any CPU
	EndGlobalSection
	GlobalSection(ProjectConfigurationPlatforms) = postSolution
		{E7AE10FA-82A6-4639-902C-BA165B783BE9}.Debug|Any CPU.ActiveCfg = Debug|Any CPU
		{E7AE10FA-82A6-4639-902C-BA165B783BE9}.Debug|Any CPU.Build.0 = Debug|Any CPU
		{E7AE10FA-82A6-4639-902C-BA165B783BE9}.Release|Any CPU.ActiveCfg = Release|Any CPU
		{E7AE10FA-82A6-4639-902C-BA165B783BE9}.Release|Any CPU.Build.0 = Release|Any CPU
		{4EB6E5A8-9ACF-4190-B127-08EDB399ADA2}.Debug|Any CPU.ActiveCfg = Debug|Any CPU
		{4EB6E5A8-9ACF-4190-B127-08EDB399ADA2}.Debug|Any CPU.Build.0 = Debug|Any CPU
		{4EB6E5A8-9ACF-4190-B127-08EDB399ADA2}.Release|Any CPU.ActiveCfg = Release|Any CPU
		{4EB6E5A8-9ACF-4190-B127-08EDB399ADA2}.Release|Any CPU.Build.0 = Release|Any CPU
		{D69AE840-4383-4929-9382-DEFB3FE657A0}.Debug|Any CPU.ActiveCfg = Debug|Any CPU
		{D69AE840-4383-4929-9382-DEFB3FE657A0}.Debug|Any CPU.Build.0 = Debug|Any CPU
		{D69AE840-4383-4929-9382-DEFB3FE657A0}.Release|Any CPU.ActiveCfg = Release|Any CPU
		{D69AE840-4383-4929-9382-DEFB3FE657A0}.Release|Any CPU.Build.0 = Release|Any CPU
		{5905563E-C361-4C60-AB48-4C4673D1DF71}.Debug|Any CPU.ActiveCfg = Debug|Any CPU
		{5905563E-C361-4C60-AB48-4C4673D1DF71}.Debug|Any CPU.Build.0 = Debug|Any CPU
		{5905563E-C361-4C60-AB48-4C4673D1DF71}.Release|Any CPU.ActiveCfg = Release|Any CPU
		{5905563E-C361-4C60-AB48-4C4673D1DF71}.Release|Any CPU.Build.0 = Release|Any CPU
		{68F106A7-FC62-4E24-A91A-5F36AB36433D}.Debug|Any CPU.ActiveCfg = Debug|Any CPU
		{68F106A7-FC62-4E24-A91A-5F36AB36433D}.Debug|Any CPU.Build.0 = Debug|Any CPU
		{68F106A7-FC62-4E24-A91A-5F36AB36433D}.Release|Any CPU.ActiveCfg = Release|Any CPU
		{68F106A7-FC62-4E24-A91A-5F36AB36433D}.Release|Any CPU.Build.0 = Release|Any CPU
		{C4091BE8-824E-4917-B7F9-47DD8D9A5198}.Debug|Any CPU.ActiveCfg = Debug|Any CPU
		{C4091BE8-824E-4917-B7F9-47DD8D9A5198}.Debug|Any CPU.Build.0 = Debug|Any CPU
		{C4091BE8-824E-4917-B7F9-47DD8D9A5198}.Release|Any CPU.ActiveCfg = Release|Any CPU
		{C4091BE8-824E-4917-B7F9-47DD8D9A5198}.Release|Any CPU.Build.0 = Release|Any CPU
	EndGlobalSection
	GlobalSection(SolutionProperties) = preSolution
		HideSolutionNode = FALSE
	EndGlobalSection
	GlobalSection(ExtensibilityGlobals) = postSolution
		SolutionGuid = {01A57CDF-5F63-440F-9388-1CCED77653D0}
	EndGlobalSection
EndGlobal
